// !$*UTF8*$!
{
	archiveVersion = 1;
	classes = {
	};
	objectVersion = 56;
	objects = {

/* Begin PBXBuildFile section */
		7541929C2A8E2E8A00C07D86 /* GuGuGuApp.swift in Sources */ = {isa = PBXBuildFile; fileRef = 7541929B2A8E2E8A00C07D86 /* GuGuGuApp.swift */; };
		7541929E2A8E2E8A00C07D86 /* MainView.swift in Sources */ = {isa = PBXBuildFile; fileRef = 7541929D2A8E2E8A00C07D86 /* MainView.swift */; };
		754192A02A8E2E8E00C07D86 /* Assets.xcassets in Resources */ = {isa = PBXBuildFile; fileRef = 7541929F2A8E2E8E00C07D86 /* Assets.xcassets */; };
		754192A32A8E2E8E00C07D86 /* Preview Assets.xcassets in Resources */ = {isa = PBXBuildFile; fileRef = 754192A22A8E2E8E00C07D86 /* Preview Assets.xcassets */; };
		754B88B52A8EFD6100A18A7D /* LaunchScreenView.swift in Sources */ = {isa = PBXBuildFile; fileRef = 754B88B42A8EFD6100A18A7D /* LaunchScreenView.swift */; };
		754B88B82A8F053E00A18A7D /* LaunchScreenManager.swift in Sources */ = {isa = PBXBuildFile; fileRef = 754B88B72A8F053E00A18A7D /* LaunchScreenManager.swift */; };
		754B88CF2A8F0E2800A18A7D /* Pretendard-Bold.otf in Resources */ = {isa = PBXBuildFile; fileRef = 754B88C62A8F0E2800A18A7D /* Pretendard-Bold.otf */; };
		754B88D02A8F0E2800A18A7D /* Pretendard-Regular.otf in Resources */ = {isa = PBXBuildFile; fileRef = 754B88C72A8F0E2800A18A7D /* Pretendard-Regular.otf */; };
		754B88D12A8F0E2800A18A7D /* Pretendard-ExtraLight.otf in Resources */ = {isa = PBXBuildFile; fileRef = 754B88C82A8F0E2800A18A7D /* Pretendard-ExtraLight.otf */; };
		754B88D22A8F0E2800A18A7D /* Pretendard-ExtraBold.otf in Resources */ = {isa = PBXBuildFile; fileRef = 754B88C92A8F0E2800A18A7D /* Pretendard-ExtraBold.otf */; };
		754B88D32A8F0E2800A18A7D /* Pretendard-Medium.otf in Resources */ = {isa = PBXBuildFile; fileRef = 754B88CA2A8F0E2800A18A7D /* Pretendard-Medium.otf */; };
		754B88D42A8F0E2800A18A7D /* Pretendard-Light.otf in Resources */ = {isa = PBXBuildFile; fileRef = 754B88CB2A8F0E2800A18A7D /* Pretendard-Light.otf */; };
		754B88D52A8F0E2800A18A7D /* Pretendard-SemiBold.otf in Resources */ = {isa = PBXBuildFile; fileRef = 754B88CC2A8F0E2800A18A7D /* Pretendard-SemiBold.otf */; };
		754B88D62A8F0E2800A18A7D /* Pretendard-Thin.otf in Resources */ = {isa = PBXBuildFile; fileRef = 754B88CD2A8F0E2800A18A7D /* Pretendard-Thin.otf */; };
		754B88D72A8F0E2800A18A7D /* Pretendard-Black.otf in Resources */ = {isa = PBXBuildFile; fileRef = 754B88CE2A8F0E2800A18A7D /* Pretendard-Black.otf */; };
		754B88D92A8F123400A18A7D /* SettingCell.swift in Sources */ = {isa = PBXBuildFile; fileRef = 754B88D82A8F123400A18A7D /* SettingCell.swift */; };
		754B88DC2A8F14D200A18A7D /* SettingView.swift in Sources */ = {isa = PBXBuildFile; fileRef = 754B88DB2A8F14D200A18A7D /* SettingView.swift */; };
		757998542AA9F84100096D91 /* MenuCell.swift in Sources */ = {isa = PBXBuildFile; fileRef = 757998532AA9F84100096D91 /* MenuCell.swift */; };
		757998562AA9FE3200096D91 /* MenuCalorieCell.swift in Sources */ = {isa = PBXBuildFile; fileRef = 757998552AA9FE3200096D91 /* MenuCalorieCell.swift */; };
		757998582AAA021200096D91 /* MenuAllergieCell.swift in Sources */ = {isa = PBXBuildFile; fileRef = 757998572AAA021200096D91 /* MenuAllergieCell.swift */; };
		7579985A2AAA8F7C00096D91 /* MenuSwitch.swift in Sources */ = {isa = PBXBuildFile; fileRef = 757998592AAA8F7C00096D91 /* MenuSwitch.swift */; };
		7579985C2AAAB10300096D91 /* MenuDateView.swift in Sources */ = {isa = PBXBuildFile; fileRef = 7579985B2AAAB10300096D91 /* MenuDateView.swift */; };
		75F3EBE52A8F81E500A329C8 /* SchoolChangeView.swift in Sources */ = {isa = PBXBuildFile; fileRef = 75F3EBE42A8F81E500A329C8 /* SchoolChangeView.swift */; };
		75F3EBE72A8F824F00A329C8 /* CustomBackButton.swift in Sources */ = {isa = PBXBuildFile; fileRef = 75F3EBE62A8F824F00A329C8 /* CustomBackButton.swift */; };
		75F3EBE92A8F845F00A329C8 /* PrivacyPolicyView.swift in Sources */ = {isa = PBXBuildFile; fileRef = 75F3EBE82A8F845F00A329C8 /* PrivacyPolicyView.swift */; };
		75F3EBEB2A8F84A600A329C8 /* TermsView.swift in Sources */ = {isa = PBXBuildFile; fileRef = 75F3EBEA2A8F84A600A329C8 /* TermsView.swift */; };
		75F3EBED2A8F84CD00A329C8 /* MakersView.swift in Sources */ = {isa = PBXBuildFile; fileRef = 75F3EBEC2A8F84CD00A329C8 /* MakersView.swift */; };
/* End PBXBuildFile section */

/* Begin PBXFileReference section */
		754192982A8E2E8A00C07D86 /* GuGuGu.app */ = {isa = PBXFileReference; explicitFileType = wrapper.application; includeInIndex = 0; path = GuGuGu.app; sourceTree = BUILT_PRODUCTS_DIR; };
		7541929B2A8E2E8A00C07D86 /* GuGuGuApp.swift */ = {isa = PBXFileReference; lastKnownFileType = sourcecode.swift; path = GuGuGuApp.swift; sourceTree = "<group>"; };
		7541929D2A8E2E8A00C07D86 /* MainView.swift */ = {isa = PBXFileReference; lastKnownFileType = sourcecode.swift; path = MainView.swift; sourceTree = "<group>"; };
		7541929F2A8E2E8E00C07D86 /* Assets.xcassets */ = {isa = PBXFileReference; lastKnownFileType = folder.assetcatalog; path = Assets.xcassets; sourceTree = "<group>"; };
		754192A22A8E2E8E00C07D86 /* Preview Assets.xcassets */ = {isa = PBXFileReference; lastKnownFileType = folder.assetcatalog; path = "Preview Assets.xcassets"; sourceTree = "<group>"; };
		754B88B42A8EFD6100A18A7D /* LaunchScreenView.swift */ = {isa = PBXFileReference; lastKnownFileType = sourcecode.swift; path = LaunchScreenView.swift; sourceTree = "<group>"; };
		754B88B72A8F053E00A18A7D /* LaunchScreenManager.swift */ = {isa = PBXFileReference; lastKnownFileType = sourcecode.swift; path = LaunchScreenManager.swift; sourceTree = "<group>"; };
		754B88C62A8F0E2800A18A7D /* Pretendard-Bold.otf */ = {isa = PBXFileReference; lastKnownFileType = file; name = "Pretendard-Bold.otf"; path = "../../../../../Downloads/Pretendard-1.3.8/public/static/Pretendard-Bold.otf"; sourceTree = "<group>"; };
		754B88C72A8F0E2800A18A7D /* Pretendard-Regular.otf */ = {isa = PBXFileReference; lastKnownFileType = file; name = "Pretendard-Regular.otf"; path = "../../../../../Downloads/Pretendard-1.3.8/public/static/Pretendard-Regular.otf"; sourceTree = "<group>"; };
		754B88C82A8F0E2800A18A7D /* Pretendard-ExtraLight.otf */ = {isa = PBXFileReference; lastKnownFileType = file; name = "Pretendard-ExtraLight.otf"; path = "../../../../../Downloads/Pretendard-1.3.8/public/static/Pretendard-ExtraLight.otf"; sourceTree = "<group>"; };
		754B88C92A8F0E2800A18A7D /* Pretendard-ExtraBold.otf */ = {isa = PBXFileReference; lastKnownFileType = file; name = "Pretendard-ExtraBold.otf"; path = "../../../../../Downloads/Pretendard-1.3.8/public/static/Pretendard-ExtraBold.otf"; sourceTree = "<group>"; };
		754B88CA2A8F0E2800A18A7D /* Pretendard-Medium.otf */ = {isa = PBXFileReference; lastKnownFileType = file; name = "Pretendard-Medium.otf"; path = "../../../../../Downloads/Pretendard-1.3.8/public/static/Pretendard-Medium.otf"; sourceTree = "<group>"; };
		754B88CB2A8F0E2800A18A7D /* Pretendard-Light.otf */ = {isa = PBXFileReference; lastKnownFileType = file; name = "Pretendard-Light.otf"; path = "../../../../../Downloads/Pretendard-1.3.8/public/static/Pretendard-Light.otf"; sourceTree = "<group>"; };
		754B88CC2A8F0E2800A18A7D /* Pretendard-SemiBold.otf */ = {isa = PBXFileReference; lastKnownFileType = file; name = "Pretendard-SemiBold.otf"; path = "../../../../../Downloads/Pretendard-1.3.8/public/static/Pretendard-SemiBold.otf"; sourceTree = "<group>"; };
		754B88CD2A8F0E2800A18A7D /* Pretendard-Thin.otf */ = {isa = PBXFileReference; lastKnownFileType = file; name = "Pretendard-Thin.otf"; path = "../../../../../Downloads/Pretendard-1.3.8/public/static/Pretendard-Thin.otf"; sourceTree = "<group>"; };
		754B88CE2A8F0E2800A18A7D /* Pretendard-Black.otf */ = {isa = PBXFileReference; lastKnownFileType = file; name = "Pretendard-Black.otf"; path = "../../../../../Downloads/Pretendard-1.3.8/public/static/Pretendard-Black.otf"; sourceTree = "<group>"; };
		754B88D82A8F123400A18A7D /* SettingCell.swift */ = {isa = PBXFileReference; lastKnownFileType = sourcecode.swift; path = SettingCell.swift; sourceTree = "<group>"; };
		754B88DB2A8F14D200A18A7D /* SettingView.swift */ = {isa = PBXFileReference; lastKnownFileType = sourcecode.swift; path = SettingView.swift; sourceTree = "<group>"; };
		757998532AA9F84100096D91 /* MenuCell.swift */ = {isa = PBXFileReference; lastKnownFileType = sourcecode.swift; path = MenuCell.swift; sourceTree = "<group>"; };
		757998552AA9FE3200096D91 /* MenuCalorieCell.swift */ = {isa = PBXFileReference; lastKnownFileType = sourcecode.swift; path = MenuCalorieCell.swift; sourceTree = "<group>"; };
		757998572AAA021200096D91 /* MenuAllergieCell.swift */ = {isa = PBXFileReference; lastKnownFileType = sourcecode.swift; path = MenuAllergieCell.swift; sourceTree = "<group>"; };
		757998592AAA8F7C00096D91 /* MenuSwitch.swift */ = {isa = PBXFileReference; lastKnownFileType = sourcecode.swift; path = MenuSwitch.swift; sourceTree = "<group>"; };
		7579985B2AAAB10300096D91 /* MenuDateView.swift */ = {isa = PBXFileReference; lastKnownFileType = sourcecode.swift; path = MenuDateView.swift; sourceTree = "<group>"; };
		75F3EBE42A8F81E500A329C8 /* SchoolChangeView.swift */ = {isa = PBXFileReference; lastKnownFileType = sourcecode.swift; path = SchoolChangeView.swift; sourceTree = "<group>"; };
		75F3EBE62A8F824F00A329C8 /* CustomBackButton.swift */ = {isa = PBXFileReference; lastKnownFileType = sourcecode.swift; path = CustomBackButton.swift; sourceTree = "<group>"; };
		75F3EBE82A8F845F00A329C8 /* PrivacyPolicyView.swift */ = {isa = PBXFileReference; lastKnownFileType = sourcecode.swift; path = PrivacyPolicyView.swift; sourceTree = "<group>"; };
		75F3EBEA2A8F84A600A329C8 /* TermsView.swift */ = {isa = PBXFileReference; lastKnownFileType = sourcecode.swift; path = TermsView.swift; sourceTree = "<group>"; };
		75F3EBEC2A8F84CD00A329C8 /* MakersView.swift */ = {isa = PBXFileReference; lastKnownFileType = sourcecode.swift; path = MakersView.swift; sourceTree = "<group>"; };
/* End PBXFileReference section */

/* Begin PBXFrameworksBuildPhase section */
		754192952A8E2E8A00C07D86 /* Frameworks */ = {
			isa = PBXFrameworksBuildPhase;
			buildActionMask = 2147483647;
			files = (
			);
			runOnlyForDeploymentPostprocessing = 0;
		};
/* End PBXFrameworksBuildPhase section */

/* Begin PBXGroup section */
		7541928F2A8E2E8A00C07D86 = {
			isa = PBXGroup;
			children = (
				7541929A2A8E2E8A00C07D86 /* GuGuGu */,
				754192992A8E2E8A00C07D86 /* Products */,
			);
			sourceTree = "<group>";
		};
		754192992A8E2E8A00C07D86 /* Products */ = {
			isa = PBXGroup;
			children = (
				754192982A8E2E8A00C07D86 /* GuGuGu.app */,
			);
			name = Products;
			sourceTree = "<group>";
		};
		7541929A2A8E2E8A00C07D86 /* GuGuGu */ = {
			isa = PBXGroup;
			children = (
				7541929B2A8E2E8A00C07D86 /* GuGuGuApp.swift */,
				757998522AA9F72500096D91 /* Main */,
				75F3EBE62A8F824F00A329C8 /* CustomBackButton.swift */,
				754B88DA2A8F14B500A18A7D /* Setting */,
				754B88B92A8F08CD00A18A7D /* LaunchScreen */,
				7541929F2A8E2E8E00C07D86 /* Assets.xcassets */,
				754B88BA2A8F09C900A18A7D /* Fonts */,
				754192A12A8E2E8E00C07D86 /* Preview Content */,
			);
			path = GuGuGu;
			sourceTree = "<group>";
		};
		754192A12A8E2E8E00C07D86 /* Preview Content */ = {
			isa = PBXGroup;
			children = (
				754192A22A8E2E8E00C07D86 /* Preview Assets.xcassets */,
			);
			path = "Preview Content";
			sourceTree = "<group>";
		};
		754B88B92A8F08CD00A18A7D /* LaunchScreen */ = {
			isa = PBXGroup;
			children = (
				754B88B42A8EFD6100A18A7D /* LaunchScreenView.swift */,
				754B88B72A8F053E00A18A7D /* LaunchScreenManager.swift */,
			);
			path = LaunchScreen;
			sourceTree = "<group>";
		};
		754B88BA2A8F09C900A18A7D /* Fonts */ = {
			isa = PBXGroup;
			children = (
				754B88CE2A8F0E2800A18A7D /* Pretendard-Black.otf */,
				754B88C62A8F0E2800A18A7D /* Pretendard-Bold.otf */,
				754B88C92A8F0E2800A18A7D /* Pretendard-ExtraBold.otf */,
				754B88C82A8F0E2800A18A7D /* Pretendard-ExtraLight.otf */,
				754B88CB2A8F0E2800A18A7D /* Pretendard-Light.otf */,
				754B88CA2A8F0E2800A18A7D /* Pretendard-Medium.otf */,
				754B88C72A8F0E2800A18A7D /* Pretendard-Regular.otf */,
				754B88CC2A8F0E2800A18A7D /* Pretendard-SemiBold.otf */,
				754B88CD2A8F0E2800A18A7D /* Pretendard-Thin.otf */,
			);
			path = Fonts;
			sourceTree = "<group>";
		};
		754B88DA2A8F14B500A18A7D /* Setting */ = {
			isa = PBXGroup;
			children = (
				754B88DB2A8F14D200A18A7D /* SettingView.swift */,
				754B88D82A8F123400A18A7D /* SettingCell.swift */,
				75F3EBE42A8F81E500A329C8 /* SchoolChangeView.swift */,
				75F3EBE82A8F845F00A329C8 /* PrivacyPolicyView.swift */,
				75F3EBEA2A8F84A600A329C8 /* TermsView.swift */,
				75F3EBEC2A8F84CD00A329C8 /* MakersView.swift */,
			);
			path = Setting;
			sourceTree = "<group>";
		};
		757998522AA9F72500096D91 /* Main */ = {
			isa = PBXGroup;
			children = (
				7541929D2A8E2E8A00C07D86 /* MainView.swift */,
				7579985B2AAAB10300096D91 /* MenuDateView.swift */,
				757998592AAA8F7C00096D91 /* MenuSwitch.swift */,
				757998532AA9F84100096D91 /* MenuCell.swift */,
				757998552AA9FE3200096D91 /* MenuCalorieCell.swift */,
				757998572AAA021200096D91 /* MenuAllergieCell.swift */,
			);
			path = Main;
			sourceTree = "<group>";
		};
/* End PBXGroup section */

/* Begin PBXNativeTarget section */
		754192972A8E2E8A00C07D86 /* GuGuGu */ = {
			isa = PBXNativeTarget;
			buildConfigurationList = 754192A62A8E2E8E00C07D86 /* Build configuration list for PBXNativeTarget "GuGuGu" */;
			buildPhases = (
				754192942A8E2E8A00C07D86 /* Sources */,
				754192952A8E2E8A00C07D86 /* Frameworks */,
				754192962A8E2E8A00C07D86 /* Resources */,
			);
			buildRules = (
			);
			dependencies = (
			);
			name = GuGuGu;
			productName = GuGuGu;
			productReference = 754192982A8E2E8A00C07D86 /* GuGuGu.app */;
			productType = "com.apple.product-type.application";
		};
/* End PBXNativeTarget section */

/* Begin PBXProject section */
		754192902A8E2E8A00C07D86 /* Project object */ = {
			isa = PBXProject;
			attributes = {
				BuildIndependentTargetsInParallel = 1;
				LastSwiftUpdateCheck = 1500;
				LastUpgradeCheck = 1500;
				TargetAttributes = {
					754192972A8E2E8A00C07D86 = {
						CreatedOnToolsVersion = 15.0;
					};
				};
			};
			buildConfigurationList = 754192932A8E2E8A00C07D86 /* Build configuration list for PBXProject "GuGuGu" */;
			compatibilityVersion = "Xcode 14.0";
			developmentRegion = en;
			hasScannedForEncodings = 0;
			knownRegions = (
				en,
				Base,
			);
			mainGroup = 7541928F2A8E2E8A00C07D86;
			productRefGroup = 754192992A8E2E8A00C07D86 /* Products */;
			projectDirPath = "";
			projectRoot = "";
			targets = (
				754192972A8E2E8A00C07D86 /* GuGuGu */,
			);
		};
/* End PBXProject section */

/* Begin PBXResourcesBuildPhase section */
		754192962A8E2E8A00C07D86 /* Resources */ = {
			isa = PBXResourcesBuildPhase;
			buildActionMask = 2147483647;
			files = (
				754B88D32A8F0E2800A18A7D /* Pretendard-Medium.otf in Resources */,
				754B88D62A8F0E2800A18A7D /* Pretendard-Thin.otf in Resources */,
				754B88D42A8F0E2800A18A7D /* Pretendard-Light.otf in Resources */,
				754192A32A8E2E8E00C07D86 /* Preview Assets.xcassets in Resources */,
				754B88D02A8F0E2800A18A7D /* Pretendard-Regular.otf in Resources */,
				754B88D22A8F0E2800A18A7D /* Pretendard-ExtraBold.otf in Resources */,
				754B88D72A8F0E2800A18A7D /* Pretendard-Black.otf in Resources */,
				754B88D12A8F0E2800A18A7D /* Pretendard-ExtraLight.otf in Resources */,
				754B88D52A8F0E2800A18A7D /* Pretendard-SemiBold.otf in Resources */,
				754B88CF2A8F0E2800A18A7D /* Pretendard-Bold.otf in Resources */,
				754192A02A8E2E8E00C07D86 /* Assets.xcassets in Resources */,
			);
			runOnlyForDeploymentPostprocessing = 0;
		};
/* End PBXResourcesBuildPhase section */

/* Begin PBXSourcesBuildPhase section */
		754192942A8E2E8A00C07D86 /* Sources */ = {
			isa = PBXSourcesBuildPhase;
			buildActionMask = 2147483647;
			files = (
				7541929E2A8E2E8A00C07D86 /* MainView.swift in Sources */,
				75F3EBE72A8F824F00A329C8 /* CustomBackButton.swift in Sources */,
				757998542AA9F84100096D91 /* MenuCell.swift in Sources */,
				757998582AAA021200096D91 /* MenuAllergieCell.swift in Sources */,
				75F3EBED2A8F84CD00A329C8 /* MakersView.swift in Sources */,
				75F3EBEB2A8F84A600A329C8 /* TermsView.swift in Sources */,
				754B88DC2A8F14D200A18A7D /* SettingView.swift in Sources */,
				75F3EBE92A8F845F00A329C8 /* PrivacyPolicyView.swift in Sources */,
				75F3EBE52A8F81E500A329C8 /* SchoolChangeView.swift in Sources */,
				7541929C2A8E2E8A00C07D86 /* GuGuGuApp.swift in Sources */,
				7579985A2AAA8F7C00096D91 /* MenuSwitch.swift in Sources */,
				7579985C2AAAB10300096D91 /* MenuDateView.swift in Sources */,
				754B88B82A8F053E00A18A7D /* LaunchScreenManager.swift in Sources */,
				754B88D92A8F123400A18A7D /* SettingCell.swift in Sources */,
				754B88B52A8EFD6100A18A7D /* LaunchScreenView.swift in Sources */,
				757998562AA9FE3200096D91 /* MenuCalorieCell.swift in Sources */,
			);
			runOnlyForDeploymentPostprocessing = 0;
		};
/* End PBXSourcesBuildPhase section */

/* Begin XCBuildConfiguration section */
		754192A42A8E2E8E00C07D86 /* Debug */ = {
			isa = XCBuildConfiguration;
			buildSettings = {
				ALWAYS_SEARCH_USER_PATHS = NO;
				ASSETCATALOG_COMPILER_GENERATE_SWIFT_ASSET_SYMBOL_EXTENSIONS = YES;
				CLANG_ANALYZER_NONNULL = YES;
				CLANG_ANALYZER_NUMBER_OBJECT_CONVERSION = YES_AGGRESSIVE;
				CLANG_CXX_LANGUAGE_STANDARD = "gnu++20";
				CLANG_ENABLE_MODULES = YES;
				CLANG_ENABLE_OBJC_ARC = YES;
				CLANG_ENABLE_OBJC_WEAK = YES;
				CLANG_WARN_BLOCK_CAPTURE_AUTORELEASING = YES;
				CLANG_WARN_BOOL_CONVERSION = YES;
				CLANG_WARN_COMMA = YES;
				CLANG_WARN_CONSTANT_CONVERSION = YES;
				CLANG_WARN_DEPRECATED_OBJC_IMPLEMENTATIONS = YES;
				CLANG_WARN_DIRECT_OBJC_ISA_USAGE = YES_ERROR;
				CLANG_WARN_DOCUMENTATION_COMMENTS = YES;
				CLANG_WARN_EMPTY_BODY = YES;
				CLANG_WARN_ENUM_CONVERSION = YES;
				CLANG_WARN_INFINITE_RECURSION = YES;
				CLANG_WARN_INT_CONVERSION = YES;
				CLANG_WARN_NON_LITERAL_NULL_CONVERSION = YES;
				CLANG_WARN_OBJC_IMPLICIT_RETAIN_SELF = YES;
				CLANG_WARN_OBJC_LITERAL_CONVERSION = YES;
				CLANG_WARN_OBJC_ROOT_CLASS = YES_ERROR;
				CLANG_WARN_QUOTED_INCLUDE_IN_FRAMEWORK_HEADER = YES;
				CLANG_WARN_RANGE_LOOP_ANALYSIS = YES;
				CLANG_WARN_STRICT_PROTOTYPES = YES;
				CLANG_WARN_SUSPICIOUS_MOVE = YES;
				CLANG_WARN_UNGUARDED_AVAILABILITY = YES_AGGRESSIVE;
				CLANG_WARN_UNREACHABLE_CODE = YES;
				CLANG_WARN__DUPLICATE_METHOD_MATCH = YES;
				COPY_PHASE_STRIP = NO;
				DEBUG_INFORMATION_FORMAT = dwarf;
				ENABLE_STRICT_OBJC_MSGSEND = YES;
				ENABLE_TESTABILITY = YES;
				ENABLE_USER_SCRIPT_SANDBOXING = YES;
				GCC_C_LANGUAGE_STANDARD = gnu17;
				GCC_DYNAMIC_NO_PIC = NO;
				GCC_NO_COMMON_BLOCKS = YES;
				GCC_OPTIMIZATION_LEVEL = 0;
				GCC_PREPROCESSOR_DEFINITIONS = (
					"DEBUG=1",
					"$(inherited)",
				);
				GCC_WARN_64_TO_32_BIT_CONVERSION = YES;
				GCC_WARN_ABOUT_RETURN_TYPE = YES_ERROR;
				GCC_WARN_UNDECLARED_SELECTOR = YES;
				GCC_WARN_UNINITIALIZED_AUTOS = YES_AGGRESSIVE;
				GCC_WARN_UNUSED_FUNCTION = YES;
				GCC_WARN_UNUSED_VARIABLE = YES;
				IPHONEOS_DEPLOYMENT_TARGET = 16.6;
				LOCALIZATION_PREFERS_STRING_CATALOGS = YES;
				MTL_ENABLE_DEBUG_INFO = INCLUDE_SOURCE;
				MTL_FAST_MATH = YES;
				ONLY_ACTIVE_ARCH = YES;
				SDKROOT = iphoneos;
				SWIFT_ACTIVE_COMPILATION_CONDITIONS = "DEBUG $(inherited)";
				SWIFT_OPTIMIZATION_LEVEL = "-Onone";
			};
			name = Debug;
		};
		754192A52A8E2E8E00C07D86 /* Release */ = {
			isa = XCBuildConfiguration;
			buildSettings = {
				ALWAYS_SEARCH_USER_PATHS = NO;
				ASSETCATALOG_COMPILER_GENERATE_SWIFT_ASSET_SYMBOL_EXTENSIONS = YES;
				CLANG_ANALYZER_NONNULL = YES;
				CLANG_ANALYZER_NUMBER_OBJECT_CONVERSION = YES_AGGRESSIVE;
				CLANG_CXX_LANGUAGE_STANDARD = "gnu++20";
				CLANG_ENABLE_MODULES = YES;
				CLANG_ENABLE_OBJC_ARC = YES;
				CLANG_ENABLE_OBJC_WEAK = YES;
				CLANG_WARN_BLOCK_CAPTURE_AUTORELEASING = YES;
				CLANG_WARN_BOOL_CONVERSION = YES;
				CLANG_WARN_COMMA = YES;
				CLANG_WARN_CONSTANT_CONVERSION = YES;
				CLANG_WARN_DEPRECATED_OBJC_IMPLEMENTATIONS = YES;
				CLANG_WARN_DIRECT_OBJC_ISA_USAGE = YES_ERROR;
				CLANG_WARN_DOCUMENTATION_COMMENTS = YES;
				CLANG_WARN_EMPTY_BODY = YES;
				CLANG_WARN_ENUM_CONVERSION = YES;
				CLANG_WARN_INFINITE_RECURSION = YES;
				CLANG_WARN_INT_CONVERSION = YES;
				CLANG_WARN_NON_LITERAL_NULL_CONVERSION = YES;
				CLANG_WARN_OBJC_IMPLICIT_RETAIN_SELF = YES;
				CLANG_WARN_OBJC_LITERAL_CONVERSION = YES;
				CLANG_WARN_OBJC_ROOT_CLASS = YES_ERROR;
				CLANG_WARN_QUOTED_INCLUDE_IN_FRAMEWORK_HEADER = YES;
				CLANG_WARN_RANGE_LOOP_ANALYSIS = YES;
				CLANG_WARN_STRICT_PROTOTYPES = YES;
				CLANG_WARN_SUSPICIOUS_MOVE = YES;
				CLANG_WARN_UNGUARDED_AVAILABILITY = YES_AGGRESSIVE;
				CLANG_WARN_UNREACHABLE_CODE = YES;
				CLANG_WARN__DUPLICATE_METHOD_MATCH = YES;
				COPY_PHASE_STRIP = NO;
				DEBUG_INFORMATION_FORMAT = "dwarf-with-dsym";
				ENABLE_NS_ASSERTIONS = NO;
				ENABLE_STRICT_OBJC_MSGSEND = YES;
				ENABLE_USER_SCRIPT_SANDBOXING = YES;
				GCC_C_LANGUAGE_STANDARD = gnu17;
				GCC_NO_COMMON_BLOCKS = YES;
				GCC_WARN_64_TO_32_BIT_CONVERSION = YES;
				GCC_WARN_ABOUT_RETURN_TYPE = YES_ERROR;
				GCC_WARN_UNDECLARED_SELECTOR = YES;
				GCC_WARN_UNINITIALIZED_AUTOS = YES_AGGRESSIVE;
				GCC_WARN_UNUSED_FUNCTION = YES;
				GCC_WARN_UNUSED_VARIABLE = YES;
				IPHONEOS_DEPLOYMENT_TARGET = 16.6;
				LOCALIZATION_PREFERS_STRING_CATALOGS = YES;
				MTL_ENABLE_DEBUG_INFO = NO;
				MTL_FAST_MATH = YES;
				SDKROOT = iphoneos;
				SWIFT_COMPILATION_MODE = wholemodule;
				VALIDATE_PRODUCT = YES;
			};
			name = Release;
		};
		754192A72A8E2E8E00C07D86 /* Debug */ = {
			isa = XCBuildConfiguration;
			buildSettings = {
				ASSETCATALOG_COMPILER_APPICON_NAME = AppIcon;
				ASSETCATALOG_COMPILER_GLOBAL_ACCENT_COLOR_NAME = AccentColor;
				CODE_SIGN_STYLE = Automatic;
				CURRENT_PROJECT_VERSION = 1;
				DEVELOPMENT_ASSET_PATHS = "\"GuGuGu/Preview Content\"";
				DEVELOPMENT_TEAM = C22QH9P7HR;
				ENABLE_PREVIEWS = YES;
				GENERATE_INFOPLIST_FILE = YES;
				INFOPLIST_FILE = GuGuGu/Info.plist;
				INFOPLIST_KEY_CFBundleDisplayName = "밥먹자 구구구";
				INFOPLIST_KEY_LSApplicationCategoryType = "public.app-category.food-and-drink";
				INFOPLIST_KEY_UIApplicationSceneManifest_Generation = YES;
				INFOPLIST_KEY_UIApplicationSupportsIndirectInputEvents = YES;
				INFOPLIST_KEY_UILaunchStoryboardName = LaunchScreenView.swift;
				INFOPLIST_KEY_UISupportedInterfaceOrientations_iPad = "UIInterfaceOrientationPortrait UIInterfaceOrientationPortraitUpsideDown UIInterfaceOrientationLandscapeLeft UIInterfaceOrientationLandscapeRight";
				INFOPLIST_KEY_UISupportedInterfaceOrientations_iPhone = "UIInterfaceOrientationPortrait UIInterfaceOrientationLandscapeLeft UIInterfaceOrientationLandscapeRight";
				IPHONEOS_DEPLOYMENT_TARGET = 15.0;
				LD_RUNPATH_SEARCH_PATHS = (
					"$(inherited)",
					"@executable_path/Frameworks",
				);
				MARKETING_VERSION = 1.0;
				PRODUCT_BUNDLE_IDENTIFIER = kr.hs.dgsw.GuGuGu;
				PRODUCT_NAME = "$(TARGET_NAME)";
				SWIFT_EMIT_LOC_STRINGS = YES;
				SWIFT_VERSION = 5.0;
				TARGETED_DEVICE_FAMILY = "1,2";
			};
			name = Debug;
		};
		754192A82A8E2E8E00C07D86 /* Release */ = {
			isa = XCBuildConfiguration;
			buildSettings = {
				ASSETCATALOG_COMPILER_APPICON_NAME = AppIcon;
				ASSETCATALOG_COMPILER_GLOBAL_ACCENT_COLOR_NAME = AccentColor;
				CODE_SIGN_STYLE = Automatic;
				CURRENT_PROJECT_VERSION = 1;
				DEVELOPMENT_ASSET_PATHS = "\"GuGuGu/Preview Content\"";
				DEVELOPMENT_TEAM = C22QH9P7HR;
				ENABLE_PREVIEWS = YES;
				GENERATE_INFOPLIST_FILE = YES;
				INFOPLIST_FILE = GuGuGu/Info.plist;
				INFOPLIST_KEY_CFBundleDisplayName = "밥먹자 구구구";
				INFOPLIST_KEY_LSApplicationCategoryType = "public.app-category.food-and-drink";
				INFOPLIST_KEY_UIApplicationSceneManifest_Generation = YES;
				INFOPLIST_KEY_UIApplicationSupportsIndirectInputEvents = YES;
				INFOPLIST_KEY_UILaunchStoryboardName = LaunchScreenView.swift;
				INFOPLIST_KEY_UISupportedInterfaceOrientations_iPad = "UIInterfaceOrientationPortrait UIInterfaceOrientationPortraitUpsideDown UIInterfaceOrientationLandscapeLeft UIInterfaceOrientationLandscapeRight";
				INFOPLIST_KEY_UISupportedInterfaceOrientations_iPhone = "UIInterfaceOrientationPortrait UIInterfaceOrientationLandscapeLeft UIInterfaceOrientationLandscapeRight";
				IPHONEOS_DEPLOYMENT_TARGET = 15.0;
				LD_RUNPATH_SEARCH_PATHS = (
					"$(inherited)",
					"@executable_path/Frameworks",
				);
				MARKETING_VERSION = 1.0;
				PRODUCT_BUNDLE_IDENTIFIER = kr.hs.dgsw.GuGuGu;
				PRODUCT_NAME = "$(TARGET_NAME)";
				SWIFT_EMIT_LOC_STRINGS = YES;
				SWIFT_VERSION = 5.0;
				TARGETED_DEVICE_FAMILY = "1,2";
			};
			name = Release;
		};
/* End XCBuildConfiguration section */

/* Begin XCConfigurationList section */
		754192932A8E2E8A00C07D86 /* Build configuration list for PBXProject "GuGuGu" */ = {
			isa = XCConfigurationList;
			buildConfigurations = (
				754192A42A8E2E8E00C07D86 /* Debug */,
				754192A52A8E2E8E00C07D86 /* Release */,
			);
			defaultConfigurationIsVisible = 0;
			defaultConfigurationName = Release;
		};
		754192A62A8E2E8E00C07D86 /* Build configuration list for PBXNativeTarget "GuGuGu" */ = {
			isa = XCConfigurationList;
			buildConfigurations = (
				754192A72A8E2E8E00C07D86 /* Debug */,
				754192A82A8E2E8E00C07D86 /* Release */,
			);
			defaultConfigurationIsVisible = 0;
			defaultConfigurationName = Release;
		};
/* End XCConfigurationList section */
	};
	rootObject = 754192902A8E2E8A00C07D86 /* Project object */;
}
